{
  "name": "MachineAnimations",
  "version": "0.1.0",
  "lockfileVersion": 1,
  "requires": true,
  "dependencies": {
    "lottie-web": {
      "version": "5.3.3",
      "resolved": "https://registry.npmjs.org/lottie-web/-/lottie-web-5.3.3.tgz",
      "integrity": "sha512-/ksaTN0h7gl3UHsi4aLLE2edBX/jBoQMy7XznDVzIdPiQu2tNO4LU6Ura769TNhNcZwWruJ2c5C7/q0b1Efc2w=="
    }
  }
}
